// !$*UTF8*$!
{
	archiveVersion = 1;
	classes = {
	};
	objectVersion = 46;
	objects = {

/* Begin PBXBuildFile section */
		CF8BE9251EB0F6810097ACC6 /* WeatherConnection.framework in Frameworks */ = {isa = PBXBuildFile; fileRef = CF8BE91B1EB0F6810097ACC6 /* WeatherConnection.framework */; };
		CF8BE92A1EB0F6810097ACC6 /* WeatherConnectionTests.swift in Sources */ = {isa = PBXBuildFile; fileRef = CF8BE9291EB0F6810097ACC6 /* WeatherConnectionTests.swift */; };
		CF8BE92C1EB0F6810097ACC6 /* WeatherConnection.h in Headers */ = {isa = PBXBuildFile; fileRef = CF8BE91E1EB0F6810097ACC6 /* WeatherConnection.h */; settings = {ATTRIBUTES = (Public, ); }; };
		CF8BE9391EB0F8470097ACC6 /* CityModel.swift in Sources */ = {isa = PBXBuildFile; fileRef = CF8BE9351EB0F8470097ACC6 /* CityModel.swift */; };
		CF8BE93A1EB0F8470097ACC6 /* NetworkService.swift in Sources */ = {isa = PBXBuildFile; fileRef = CF8BE9361EB0F8470097ACC6 /* NetworkService.swift */; };
		CF8BE93B1EB0F8470097ACC6 /* WeatherExtensions.swift in Sources */ = {isa = PBXBuildFile; fileRef = CF8BE9371EB0F8470097ACC6 /* WeatherExtensions.swift */; };
		CF8BE93C1EB0F8470097ACC6 /* WeatherSettings.swift in Sources */ = {isa = PBXBuildFile; fileRef = CF8BE9381EB0F8470097ACC6 /* WeatherSettings.swift */; };
/* End PBXBuildFile section */

/* Begin PBXContainerItemProxy section */
		CF8BE9261EB0F6810097ACC6 /* PBXContainerItemProxy */ = {
			isa = PBXContainerItemProxy;
			containerPortal = CF8BE9121EB0F6810097ACC6 /* Project object */;
			proxyType = 1;
			remoteGlobalIDString = CF8BE91A1EB0F6810097ACC6;
			remoteInfo = WeatherConnection;
		};
/* End PBXContainerItemProxy section */

/* Begin PBXFileReference section */
		CF8BE91B1EB0F6810097ACC6 /* WeatherConnection.framework */ = {isa = PBXFileReference; explicitFileType = wrapper.framework; includeInIndex = 0; path = WeatherConnection.framework; sourceTree = BUILT_PRODUCTS_DIR; };
		CF8BE91E1EB0F6810097ACC6 /* WeatherConnection.h */ = {isa = PBXFileReference; lastKnownFileType = sourcecode.c.h; path = WeatherConnection.h; sourceTree = "<group>"; };
		CF8BE91F1EB0F6810097ACC6 /* Info.plist */ = {isa = PBXFileReference; lastKnownFileType = text.plist.xml; path = Info.plist; sourceTree = "<group>"; };
		CF8BE9241EB0F6810097ACC6 /* WeatherConnectionTests.xctest */ = {isa = PBXFileReference; explicitFileType = wrapper.cfbundle; includeInIndex = 0; path = WeatherConnectionTests.xctest; sourceTree = BUILT_PRODUCTS_DIR; };
		CF8BE9291EB0F6810097ACC6 /* WeatherConnectionTests.swift */ = {isa = PBXFileReference; lastKnownFileType = sourcecode.swift; path = WeatherConnectionTests.swift; sourceTree = "<group>"; };
		CF8BE92B1EB0F6810097ACC6 /* Info.plist */ = {isa = PBXFileReference; lastKnownFileType = text.plist.xml; path = Info.plist; sourceTree = "<group>"; };
		CF8BE9351EB0F8470097ACC6 /* CityModel.swift */ = {isa = PBXFileReference; fileEncoding = 4; lastKnownFileType = sourcecode.swift; path = CityModel.swift; sourceTree = "<group>"; };
		CF8BE9361EB0F8470097ACC6 /* NetworkService.swift */ = {isa = PBXFileReference; fileEncoding = 4; lastKnownFileType = sourcecode.swift; path = NetworkService.swift; sourceTree = "<group>"; };
		CF8BE9371EB0F8470097ACC6 /* WeatherExtensions.swift */ = {isa = PBXFileReference; fileEncoding = 4; lastKnownFileType = sourcecode.swift; path = WeatherExtensions.swift; sourceTree = "<group>"; };
		CF8BE9381EB0F8470097ACC6 /* WeatherSettings.swift */ = {isa = PBXFileReference; fileEncoding = 4; lastKnownFileType = sourcecode.swift; path = WeatherSettings.swift; sourceTree = "<group>"; };
/* End PBXFileReference section */

/* Begin PBXFrameworksBuildPhase section */
		CF8BE9171EB0F6810097ACC6 /* Frameworks */ = {
			isa = PBXFrameworksBuildPhase;
			buildActionMask = 2147483647;
			files = (
			);
			runOnlyForDeploymentPostprocessing = 0;
		};
		CF8BE9211EB0F6810097ACC6 /* Frameworks */ = {
			isa = PBXFrameworksBuildPhase;
			buildActionMask = 2147483647;
			files = (
				CF8BE9251EB0F6810097ACC6 /* WeatherConnection.framework in Frameworks */,
			);
			runOnlyForDeploymentPostprocessing = 0;
		};
/* End PBXFrameworksBuildPhase section */

/* Begin PBXGroup section */
		CF8BE9111EB0F6810097ACC6 = {
			isa = PBXGroup;
			children = (
				CF8BE91D1EB0F6810097ACC6 /* WeatherConnection */,
				CF8BE9281EB0F6810097ACC6 /* WeatherConnectionTests */,
				CF8BE91C1EB0F6810097ACC6 /* Products */,
			);
			sourceTree = "<group>";
		};
		CF8BE91C1EB0F6810097ACC6 /* Products */ = {
			isa = PBXGroup;
			children = (
				CF8BE91B1EB0F6810097ACC6 /* WeatherConnection.framework */,
				CF8BE9241EB0F6810097ACC6 /* WeatherConnectionTests.xctest */,
			);
			name = Products;
			sourceTree = "<group>";
		};
		CF8BE91D1EB0F6810097ACC6 /* WeatherConnection */ = {
			isa = PBXGroup;
			children = (
				CF8BE9351EB0F8470097ACC6 /* CityModel.swift */,
				CF8BE9361EB0F8470097ACC6 /* NetworkService.swift */,
				CF8BE9371EB0F8470097ACC6 /* WeatherExtensions.swift */,
				CF8BE9381EB0F8470097ACC6 /* WeatherSettings.swift */,
				CF8BE91E1EB0F6810097ACC6 /* WeatherConnection.h */,
				CF8BE91F1EB0F6810097ACC6 /* Info.plist */,
			);
			path = WeatherConnection;
			sourceTree = "<group>";
		};
		CF8BE9281EB0F6810097ACC6 /* WeatherConnectionTests */ = {
			isa = PBXGroup;
			children = (
				CF8BE9291EB0F6810097ACC6 /* WeatherConnectionTests.swift */,
				CF8BE92B1EB0F6810097ACC6 /* Info.plist */,
			);
			path = WeatherConnectionTests;
			sourceTree = "<group>";
		};
/* End PBXGroup section */

/* Begin PBXHeadersBuildPhase section */
		CF8BE9181EB0F6810097ACC6 /* Headers */ = {
			isa = PBXHeadersBuildPhase;
			buildActionMask = 2147483647;
			files = (
				CF8BE92C1EB0F6810097ACC6 /* WeatherConnection.h in Headers */,
			);
			runOnlyForDeploymentPostprocessing = 0;
		};
/* End PBXHeadersBuildPhase section */

/* Begin PBXNativeTarget section */
		CF8BE91A1EB0F6810097ACC6 /* WeatherConnection */ = {
			isa = PBXNativeTarget;
			buildConfigurationList = CF8BE92F1EB0F6810097ACC6 /* Build configuration list for PBXNativeTarget "WeatherConnection" */;
			buildPhases = (
				CF8BE9161EB0F6810097ACC6 /* Sources */,
				CF8BE9171EB0F6810097ACC6 /* Frameworks */,
				CF8BE9181EB0F6810097ACC6 /* Headers */,
				CF8BE9191EB0F6810097ACC6 /* Resources */,
			);
			buildRules = (
			);
			dependencies = (
			);
			name = WeatherConnection;
			productName = WeatherConnection;
			productReference = CF8BE91B1EB0F6810097ACC6 /* WeatherConnection.framework */;
			productType = "com.apple.product-type.framework";
		};
		CF8BE9231EB0F6810097ACC6 /* WeatherConnectionTests */ = {
			isa = PBXNativeTarget;
			buildConfigurationList = CF8BE9321EB0F6810097ACC6 /* Build configuration list for PBXNativeTarget "WeatherConnectionTests" */;
			buildPhases = (
				CF8BE9201EB0F6810097ACC6 /* Sources */,
				CF8BE9211EB0F6810097ACC6 /* Frameworks */,
				CF8BE9221EB0F6810097ACC6 /* Resources */,
			);
			buildRules = (
			);
			dependencies = (
				CF8BE9271EB0F6810097ACC6 /* PBXTargetDependency */,
			);
			name = WeatherConnectionTests;
			productName = WeatherConnectionTests;
			productReference = CF8BE9241EB0F6810097ACC6 /* WeatherConnectionTests.xctest */;
			productType = "com.apple.product-type.bundle.unit-test";
		};
/* End PBXNativeTarget section */

/* Begin PBXProject section */
		CF8BE9121EB0F6810097ACC6 /* Project object */ = {
			isa = PBXProject;
			attributes = {
				LastSwiftUpdateCheck = 0830;
				LastUpgradeCheck = 0830;
				ORGANIZATIONNAME = "Rekha Bisht";
				TargetAttributes = {
					CF8BE91A1EB0F6810097ACC6 = {
						CreatedOnToolsVersion = 8.3;
						DevelopmentTeam = XX9QHXD5E6;
						LastSwiftMigration = 0830;
						ProvisioningStyle = Automatic;
					};
					CF8BE9231EB0F6810097ACC6 = {
						CreatedOnToolsVersion = 8.3;
						DevelopmentTeam = XX9QHXD5E6;
						ProvisioningStyle = Automatic;
					};
				};
			};
			buildConfigurationList = CF8BE9151EB0F6810097ACC6 /* Build configuration list for PBXProject "WeatherConnection" */;
			compatibilityVersion = "Xcode 3.2";
			developmentRegion = English;
			hasScannedForEncodings = 0;
			knownRegions = (
				en,
			);
			mainGroup = CF8BE9111EB0F6810097ACC6;
			productRefGroup = CF8BE91C1EB0F6810097ACC6 /* Products */;
			projectDirPath = "";
			projectRoot = "";
			targets = (
				CF8BE91A1EB0F6810097ACC6 /* WeatherConnection */,
				CF8BE9231EB0F6810097ACC6 /* WeatherConnectionTests */,
			);
		};
/* End PBXProject section */

/* Begin PBXResourcesBuildPhase section */
		CF8BE9191EB0F6810097ACC6 /* Resources */ = {
			isa = PBXResourcesBuildPhase;
			buildActionMask = 2147483647;
			files = (
			);
			runOnlyForDeploymentPostprocessing = 0;
		};
		CF8BE9221EB0F6810097ACC6 /* Resources */ = {
			isa = PBXResourcesBuildPhase;
			buildActionMask = 2147483647;
			files = (
			);
			runOnlyForDeploymentPostprocessing = 0;
		};
/* End PBXResourcesBuildPhase section */

/* Begin PBXSourcesBuildPhase section */
		CF8BE9161EB0F6810097ACC6 /* Sources */ = {
			isa = PBXSourcesBuildPhase;
			buildActionMask = 2147483647;
			files = (
				CF8BE93A1EB0F8470097ACC6 /* NetworkService.swift in Sources */,
				CF8BE93C1EB0F8470097ACC6 /* WeatherSettings.swift in Sources */,
				CF8BE93B1EB0F8470097ACC6 /* WeatherExtensions.swift in Sources */,
				CF8BE9391EB0F8470097ACC6 /* CityModel.swift in Sources */,
			);
			runOnlyForDeploymentPostprocessing = 0;
		};
		CF8BE9201EB0F6810097ACC6 /* Sources */ = {
			isa = PBXSourcesBuildPhase;
			buildActionMask = 2147483647;
			files = (
				CF8BE92A1EB0F6810097ACC6 /* WeatherConnectionTests.swift in Sources */,
			);
			runOnlyForDeploymentPostprocessing = 0;
		};
/* End PBXSourcesBuildPhase section */

/* Begin PBXTargetDependency section */
		CF8BE9271EB0F6810097ACC6 /* PBXTargetDependency */ = {
			isa = PBXTargetDependency;
			target = CF8BE91A1EB0F6810097ACC6 /* WeatherConnection */;
			targetProxy = CF8BE9261EB0F6810097ACC6 /* PBXContainerItemProxy */;
		};
/* End PBXTargetDependency section */

/* Begin XCBuildConfiguration section */
		CF8BE92D1EB0F6810097ACC6 /* Debug */ = {
			isa = XCBuildConfiguration;
			buildSettings = {
				ALWAYS_SEARCH_USER_PATHS = NO;
				CLANG_ANALYZER_NONNULL = YES;
				CLANG_ANALYZER_NUMBER_OBJECT_CONVERSION = YES_AGGRESSIVE;
				CLANG_CXX_LANGUAGE_STANDARD = "gnu++0x";
				CLANG_CXX_LIBRARY = "libc++";
				CLANG_ENABLE_MODULES = YES;
				CLANG_ENABLE_OBJC_ARC = YES;
				CLANG_WARN_BOOL_CONVERSION = YES;
				CLANG_WARN_CONSTANT_CONVERSION = YES;
				CLANG_WARN_DIRECT_OBJC_ISA_USAGE = YES_ERROR;
				CLANG_WARN_DOCUMENTATION_COMMENTS = YES;
				CLANG_WARN_EMPTY_BODY = YES;
				CLANG_WARN_ENUM_CONVERSION = YES;
				CLANG_WARN_INFINITE_RECURSION = YES;
				CLANG_WARN_INT_CONVERSION = YES;
				CLANG_WARN_OBJC_ROOT_CLASS = YES_ERROR;
				CLANG_WARN_SUSPICIOUS_MOVE = YES;
				CLANG_WARN_UNREACHABLE_CODE = YES;
				CLANG_WARN__DUPLICATE_METHOD_MATCH = YES;
				"CODE_SIGN_IDENTITY[sdk=iphoneos*]" = "iPhone Developer";
				COPY_PHASE_STRIP = NO;
				CURRENT_PROJECT_VERSION = 1;
				DEBUG_INFORMATION_FORMAT = dwarf;
				ENABLE_STRICT_OBJC_MSGSEND = YES;
				ENABLE_TESTABILITY = YES;
				GCC_C_LANGUAGE_STANDARD = gnu99;
				GCC_DYNAMIC_NO_PIC = NO;
				GCC_NO_COMMON_BLOCKS = YES;
				GCC_OPTIMIZATION_LEVEL = 0;
				GCC_PREPROCESSOR_DEFINITIONS = (
					"DEBUG=1",
					"$(inherited)",
				);
				GCC_WARN_64_TO_32_BIT_CONVERSION = YES;
				GCC_WARN_ABOUT_RETURN_TYPE = YES_ERROR;
				GCC_WARN_UNDECLARED_SELECTOR = YES;
				GCC_WARN_UNINITIALIZED_AUTOS = YES_AGGRESSIVE;
				GCC_WARN_UNUSED_FUNCTION = YES;
				GCC_WARN_UNUSED_VARIABLE = YES;
				IPHONEOS_DEPLOYMENT_TARGET = 10.3;
				MTL_ENABLE_DEBUG_INFO = YES;
				ONLY_ACTIVE_ARCH = YES;
				SDKROOT = iphoneos;
				SWIFT_ACTIVE_COMPILATION_CONDITIONS = DEBUG;
				SWIFT_OPTIMIZATION_LEVEL = "-Onone";
				TARGETED_DEVICE_FAMILY = "1,2";
				VERSIONING_SYSTEM = "apple-generic";
				VERSION_INFO_PREFIX = "";
			};
			name = Debug;
		};
		CF8BE92E1EB0F6810097ACC6 /* Release */ = {
			isa = XCBuildConfiguration;
			buildSettings = {
				ALWAYS_SEARCH_USER_PATHS = NO;
				CLANG_ANALYZER_NONNULL = YES;
				CLANG_ANALYZER_NUMBER_OBJECT_CONVERSION = YES_AGGRESSIVE;
				CLANG_CXX_LANGUAGE_STANDARD = "gnu++0x";
				CLANG_CXX_LIBRARY = "libc++";
				CLANG_ENABLE_MODULES = YES;
				CLANG_ENABLE_OBJC_ARC = YES;
				CLANG_WARN_BOOL_CONVERSION = YES;
				CLANG_WARN_CONSTANT_CONVERSION = YES;
				CLANG_WARN_DIRECT_OBJC_ISA_USAGE = YES_ERROR;
				CLANG_WARN_DOCUMENTATION_COMMENTS = YES;
				CLANG_WARN_EMPTY_BODY = YES;
				CLANG_WARN_ENUM_CONVERSION = YES;
				CLANG_WARN_INFINITE_RECURSION = YES;
				CLANG_WARN_INT_CONVERSION = YES;
				CLANG_WARN_OBJC_ROOT_CLASS = YES_ERROR;
				CLANG_WARN_SUSPICIOUS_MOVE = YES;
				CLANG_WARN_UNREACHABLE_CODE = YES;
				CLANG_WARN__DUPLICATE_METHOD_MATCH = YES;
				"CODE_SIGN_IDENTITY[sdk=iphoneos*]" = "iPhone Developer";
				COPY_PHASE_STRIP = NO;
				CURRENT_PROJECT_VERSION = 1;
				DEBUG_INFORMATION_FORMAT = "dwarf-with-dsym";
				ENABLE_NS_ASSERTIONS = NO;
				ENABLE_STRICT_OBJC_MSGSEND = YES;
				GCC_C_LANGUAGE_STANDARD = gnu99;
				GCC_NO_COMMON_BLOCKS = YES;
				GCC_WARN_64_TO_32_BIT_CONVERSION = YES;
				GCC_WARN_ABOUT_RETURN_TYPE = YES_ERROR;
				GCC_WARN_UNDECLARED_SELECTOR = YES;
				GCC_WARN_UNINITIALIZED_AUTOS = YES_AGGRESSIVE;
				GCC_WARN_UNUSED_FUNCTION = YES;
				GCC_WARN_UNUSED_VARIABLE = YES;
				IPHONEOS_DEPLOYMENT_TARGET = 10.3;
				MTL_ENABLE_DEBUG_INFO = NO;
				SDKROOT = iphoneos;
				SWIFT_OPTIMIZATION_LEVEL = "-Owholemodule";
				TARGETED_DEVICE_FAMILY = "1,2";
				VALIDATE_PRODUCT = YES;
				VERSIONING_SYSTEM = "apple-generic";
				VERSION_INFO_PREFIX = "";
			};
			name = Release;
		};
		CF8BE9301EB0F6810097ACC6 /* Debug */ = {
			isa = XCBuildConfiguration;
			buildSettings = {
				CLANG_ENABLE_MODULES = YES;
				CODE_SIGN_IDENTITY = "";
				DEFINES_MODULE = YES;
				DEVELOPMENT_TEAM = XX9QHXD5E6;
				DYLIB_COMPATIBILITY_VERSION = 1;
				DYLIB_CURRENT_VERSION = 1;
				DYLIB_INSTALL_NAME_BASE = "@rpath";
				INFOPLIST_FILE = WeatherConnection/Info.plist;
				INSTALL_PATH = "$(LOCAL_LIBRARY_DIR)/Frameworks";
				LD_RUNPATH_SEARCH_PATHS = "$(inherited) @executable_path/Frameworks @loader_path/Frameworks";
				PRODUCT_BUNDLE_IDENTIFIER = com.rekha.WeatherConnection;
				PRODUCT_NAME = "$(TARGET_NAME)";
				SKIP_INSTALL = YES;
				SWIFT_OPTIMIZATION_LEVEL = "-Onone";
				SWIFT_VERSION = 3.0;
			};
			name = Debug;
		};
		CF8BE9311EB0F6810097ACC6 /* Release */ = {
			isa = XCBuildConfiguration;
			buildSettings = {
				CLANG_ENABLE_MODULES = YES;
				CODE_SIGN_IDENTITY = "";
				DEFINES_MODULE = YES;
				DEVELOPMENT_TEAM = XX9QHXD5E6;
				DYLIB_COMPATIBILITY_VERSION = 1;
				DYLIB_CURRENT_VERSION = 1;
				DYLIB_INSTALL_NAME_BASE = "@rpath";
				INFOPLIST_FILE = WeatherConnection/Info.plist;
				INSTALL_PATH = "$(LOCAL_LIBRARY_DIR)/Frameworks";
				LD_RUNPATH_SEARCH_PATHS = "$(inherited) @executable_path/Frameworks @loader_path/Frameworks";
				PRODUCT_BUNDLE_IDENTIFIER = com.rekha.WeatherConnection;
				PRODUCT_NAME = "$(TARGET_NAME)";
				SKIP_INSTALL = YES;
				SWIFT_VERSION = 3.0;
			};
			name = Release;
		};
		CF8BE9331EB0F6810097ACC6 /* Debug */ = {
			isa = XCBuildConfiguration;
			buildSettings = {
				ALWAYS_EMBED_SWIFT_STANDARD_LIBRARIES = YES;
				DEVELOPMENT_TEAM = XX9QHXD5E6;
				INFOPLIST_FILE = WeatherConnectionTests/Info.plist;
				LD_RUNPATH_SEARCH_PATHS = "$(inherited) @executable_path/Frameworks @loader_path/Frameworks";
				PRODUCT_BUNDLE_IDENTIFIER = com.rekha.WeatherConnectionTests;
				PRODUCT_NAME = "$(TARGET_NAME)";
				SWIFT_VERSION = 3.0;
			};
			name = Debug;
		};
		CF8BE9341EB0F6810097ACC6 /* Release */ = {
			isa = XCBuildConfiguration;
			buildSettings = {
				ALWAYS_EMBED_SWIFT_STANDARD_LIBRARIES = YES;
				DEVELOPMENT_TEAM = XX9QHXD5E6;
				INFOPLIST_FILE = WeatherConnectionTests/Info.plist;
				LD_RUNPATH_SEARCH_PATHS = "$(inherited) @executable_path/Frameworks @loader_path/Frameworks";
				PRODUCT_BUNDLE_IDENTIFIER = com.rekha.WeatherConnectionTests;
				PRODUCT_NAME = "$(TARGET_NAME)";
				SWIFT_VERSION = 3.0;
			};
			name = Release;
		};
/* End XCBuildConfiguration section */

/* Begin XCConfigurationList section */
		CF8BE9151EB0F6810097ACC6 /* Build configuration list for PBXProject "WeatherConnection" */ = {
			isa = XCConfigurationList;
			buildConfigurations = (
				CF8BE92D1EB0F6810097ACC6 /* Debug */,
				CF8BE92E1EB0F6810097ACC6 /* Release */,
			);
			defaultConfigurationIsVisible = 0;
			defaultConfigurationName = Release;
		};
		CF8BE92F1EB0F6810097ACC6 /* Build configuration list for PBXNativeTarget "WeatherConnection" */ = {
			isa = XCConfigurationList;
			buildConfigurations = (
				CF8BE9301EB0F6810097ACC6 /* Debug */,
				CF8BE9311EB0F6810097ACC6 /* Release */,
			);
			defaultConfigurationIsVisible = 0;
		};
		CF8BE9321EB0F6810097ACC6 /* Build configuration list for PBXNativeTarget "WeatherConnectionTests" */ = {
			isa = XCConfigurationList;
			buildConfigurations = (
				CF8BE9331EB0F6810097ACC6 /* Debug */,
				CF8BE9341EB0F6810097ACC6 /* Release */,
			);
			defaultConfigurationIsVisible = 0;
		};
/* End XCConfigurationList section */
	};
	rootObject = CF8BE9121EB0F6810097ACC6 /* Project object */;
}
